github.com/reiver/go-porterstemmer v1.0.1 h1:WyERBkASXgoXrTwq/IQ6wyNj/YG7j/ZURvTuMCoud5w=
github.com/reiver/go-porterstemmer v1.0.1/go.mod h1:Z8uL/f/7UEwaeAJNwx1sO8kbqXiEuQieNuD735hLrSU=
gonum.org/v1/gonum v0.15.1 h1:FNy7N6OUZVUaWG9pTiD+jlhdQ3lMP+/LcTpJ6+a8sQ0=
gonum.org/v1/gonum v0.15.1/go.mod h1:eZTZuRFrzu5pcyjN5wJhcIhnUdNijYxX1T2IcrOGY0o=
